<?xml version="1.0" encoding="utf-8"?>
<Project ToolsVersion="4.0" xmlns="http://schemas.microsoft.com/developer/msbuild/2003">
  <ItemGroup>
    <Filter Include="Fichiers de ressources">
      <UniqueIdentifier>{67DA6AB6-F800-4c08-8B7A-83BB121AAD01}</UniqueIdentifier>
      <Extensions>rc;ico;cur;bmp;dlg;rc2;rct;bin;rgs;gif;jpg;jpeg;jpe;resx;tiff;tif;png;wav;mfcribbon-ms</Extensions>
    </Filter>
  </ItemGroup>
  <ItemGroup>
    <ClCompile Include="cpp\b2BlockAllocator.cpp">
      <Filter>Fichiers de ressources</Filter>
    </ClCompile>
    <ClCompile Include="cpp\b2Body.cpp">
      <Filter>Fichiers de ressources</Filter>
    </ClCompile>
    <ClCompile Include="cpp\b2BroadPhase.cpp">
      <Filter>Fichiers de ressources</Filter>
    </ClCompile>
    <ClCompile Include="cpp\b2ChainAndCircleContact.cpp">
      <Filter>Fichiers de ressources</Filter>
    </ClCompile>
    <ClCompile Include="cpp\b2ChainAndPolygonContact.cpp">
      <Filter>Fichiers de ressources</Filter>
    </ClCompile>
    <ClCompile Include="cpp\b2ChainShape.cpp">
      <Filter>Fichiers de ressources</Filter>
    </ClCompile>
    <ClCompile Include="cpp\b2CircleContact.cpp">
      <Filter>Fichiers de ressources</Filter>
    </ClCompile>
    <ClCompile Include="cpp\b2CircleShape.cpp">
      <Filter>Fichiers de ressources</Filter>
    </ClCompile>
    <ClCompile Include="cpp\b2CollideCircle.cpp">
      <Filter>Fichiers de ressources</Filter>
    </ClCompile>
    <ClCompile Include="cpp\b2CollideEdge.cpp">
      <Filter>Fichiers de ressources</Filter>
    </ClCompile>
    <ClCompile Include="cpp\b2CollidePolygon.cpp">
      <Filter>Fichiers de ressources</Filter>
    </ClCompile>
    <ClCompile Include="cpp\b2Collision.cpp">
      <Filter>Fichiers de ressources</Filter>
    </ClCompile>
    <ClCompile Include="cpp\b2Contact.cpp">
      <Filter>Fichiers de ressources</Filter>
    </ClCompile>
    <ClCompile Include="cpp\b2ContactManager.cpp">
      <Filter>Fichiers de ressources</Filter>
    </ClCompile>
    <ClCompile Include="cpp\b2ContactSolver.cpp">
      <Filter>Fichiers de ressources</Filter>
    </ClCompile>
    <ClCompile Include="cpp\b2Distance.cpp">
      <Filter>Fichiers de ressources</Filter>
    </ClCompile>
    <ClCompile Include="cpp\b2DistanceJoint.cpp">
      <Filter>Fichiers de ressources</Filter>
    </ClCompile>
    <ClCompile Include="cpp\b2Draw.cpp">
      <Filter>Fichiers de ressources</Filter>
    </ClCompile>
    <ClCompile Include="cpp\b2DynamicTree.cpp">
      <Filter>Fichiers de ressources</Filter>
    </ClCompile>
    <ClCompile Include="cpp\b2EdgeAndCircleContact.cpp">
      <Filter>Fichiers de ressources</Filter>
    </ClCompile>
    <ClCompile Include="cpp\b2EdgeAndPolygonContact.cpp">
      <Filter>Fichiers de ressources</Filter>
    </ClCompile>
    <ClCompile Include="cpp\b2EdgeShape.cpp">
      <Filter>Fichiers de ressources</Filter>
    </ClCompile>
    <ClCompile Include="cpp\b2Fixture.cpp">
      <Filter>Fichiers de ressources</Filter>
    </ClCompile>
    <ClCompile Include="cpp\b2FrictionJoint.cpp">
      <Filter>Fichiers de ressources</Filter>
    </ClCompile>
    <ClCompile Include="cpp\b2GearJoint.cpp">
      <Filter>Fichiers de ressources</Filter>
    </ClCompile>
    <ClCompile Include="cpp\b2Island.cpp">
      <Filter>Fichiers de ressources</Filter>
    </ClCompile>
    <ClCompile Include="cpp\b2Joint.cpp">
      <Filter>Fichiers de ressources</Filter>
    </ClCompile>
    <ClCompile Include="cpp\b2Math.cpp">
      <Filter>Fichiers de ressources</Filter>
    </ClCompile>
    <ClCompile Include="cpp\b2MotorJoint.cpp">
      <Filter>Fichiers de ressources</Filter>
    </ClCompile>
    <ClCompile Include="cpp\b2MouseJoint.cpp">
      <Filter>Fichiers de ressources</Filter>
    </ClCompile>
    <ClCompile Include="cpp\b2PolygonAndCircleContact.cpp">
      <Filter>Fichiers de ressources</Filter>
    </ClCompile>
    <ClCompile Include="cpp\b2PolygonContact.cpp">
      <Filter>Fichiers de ressources</Filter>
    </ClCompile>
    <ClCompile Include="cpp\b2PolygonShape.cpp">
      <Filter>Fichiers de ressources</Filter>
    </ClCompile>
    <ClCompile Include="cpp\b2PrismaticJoint.cpp">
      <Filter>Fichiers de ressources</Filter>
    </ClCompile>
    <ClCompile Include="cpp\b2PulleyJoint.cpp">
      <Filter>Fichiers de ressources</Filter>
    </ClCompile>
    <ClCompile Include="cpp\b2RevoluteJoint.cpp">
      <Filter>Fichiers de ressources</Filter>
    </ClCompile>
    <ClCompile Include="cpp\b2Rope.cpp">
      <Filter>Fichiers de ressources</Filter>
    </ClCompile>
    <ClCompile Include="cpp\b2RopeJoint.cpp">
      <Filter>Fichiers de ressources</Filter>
    </ClCompile>
    <ClCompile Include="cpp\b2Settings.cpp">
      <Filter>Fichiers de ressources</Filter>
    </ClCompile>
    <ClCompile Include="cpp\b2StackAllocator.cpp">
      <Filter>Fichiers de ressources</Filter>
    </ClCompile>
    <ClCompile Include="cpp\b2TimeOfImpact.cpp">
      <Filter>Fichiers de ressources</Filter>
    </ClCompile>
    <ClCompile Include="cpp\b2Timer.cpp">
      <Filter>Fichiers de ressources</Filter>
    </ClCompile>
    <ClCompile Include="cpp\b2WeldJoint.cpp">
      <Filter>Fichiers de ressources</Filter>
    </ClCompile>
    <ClCompile Include="cpp\b2WheelJoint.cpp">
      <Filter>Fichiers de ressources</Filter>
    </ClCompile>
    <ClCompile Include="cpp\b2World.cpp">
      <Filter>Fichiers de ressources</Filter>
    </ClCompile>
    <ClCompile Include="cpp\b2WorldCallbacks.cpp">
      <Filter>Fichiers de ressources</Filter>
    </ClCompile>
    <ClCompile Include="cpp\basicSFMLmain.cpp">
      <Filter>Fichiers de ressources</Filter>
    </ClCompile>
    <ClCompile Include="cpp\Block.cpp">
      <Filter>Fichiers de ressources</Filter>
    </ClCompile>
    <ClCompile Include="cpp\Bonus.cpp">
      <Filter>Fichiers de ressources</Filter>
    </ClCompile>
    <ClCompile Include="cpp\CancelButton.cpp">
      <Filter>Fichiers de ressources</Filter>
    </ClCompile>
    <ClCompile Include="cpp\Effect.cpp">
      <Filter>Fichiers de ressources</Filter>
    </ClCompile>
    <ClCompile Include="cpp\Enemy.cpp">
      <Filter>Fichiers de ressources</Filter>
    </ClCompile>
    <ClCompile Include="cpp\FinishObject.cpp">
      <Filter>Fichiers de ressources</Filter>
    </ClCompile>
    <ClCompile Include="cpp\FireBall.cpp">
      <Filter>Fichiers de ressources</Filter>
    </ClCompile>
    <ClCompile Include="cpp\GameController.cpp">
      <Filter>Fichiers de ressources</Filter>
    </ClCompile>
    <ClCompile Include="cpp\GameDialog.cpp">
      <Filter>Fichiers de ressources</Filter>
    </ClCompile>
    <ClCompile Include="cpp\GameDisplay.cpp">
      <Filter>Fichiers de ressources</Filter>
    </ClCompile>
    <ClCompile Include="cpp\GameEngine.cpp">
      <Filter>Fichiers de ressources</Filter>
    </ClCompile>
    <ClCompile Include="cpp\GameFunction.cpp">
      <Filter>Fichiers de ressources</Filter>
    </ClCompile>
    <ClCompile Include="cpp\GameIntro.cpp">
      <Filter>Fichiers de ressources</Filter>
    </ClCompile>
    <ClCompile Include="cpp\GameIntroController.cpp">
      <Filter>Fichiers de ressources</Filter>
    </ClCompile>
    <ClCompile Include="cpp\GameKeyData.cpp">
      <Filter>Fichiers de ressources</Filter>
    </ClCompile>
    <ClCompile Include="cpp\GameLevel.cpp">
      <Filter>Fichiers de ressources</Filter>
    </ClCompile>
    <ClCompile Include="cpp\GameLevelLoadResource.cpp">
      <Filter>Fichiers de ressources</Filter>
    </ClCompile>
    <ClCompile Include="cpp\GameMenu.cpp">
      <Filter>Fichiers de ressources</Filter>
    </ClCompile>
    <ClCompile Include="cpp\GameMenuLoadResource.cpp">
      <Filter>Fichiers de ressources</Filter>
    </ClCompile>
    <ClCompile Include="cpp\GameOver.cpp">
      <Filter>Fichiers de ressources</Filter>
    </ClCompile>
    <ClCompile Include="cpp\GameOverController.cpp">
      <Filter>Fichiers de ressources</Filter>
    </ClCompile>
    <ClCompile Include="cpp\GameSlider.cpp">
      <Filter>Fichiers de ressources</Filter>
    </ClCompile>
    <ClCompile Include="cpp\GameSystem.cpp">
      <Filter>Fichiers de ressources</Filter>
    </ClCompile>
    <ClCompile Include="cpp\GameSystemExtended.cpp">
      <Filter>Fichiers de ressources</Filter>
    </ClCompile>
    <ClCompile Include="cpp\GameTime.cpp">
      <Filter>Fichiers de ressources</Filter>
    </ClCompile>
    <ClCompile Include="cpp\HUD.cpp">
      <Filter>Fichiers de ressources</Filter>
    </ClCompile>
    <ClCompile Include="cpp\isEngineSDLWrapper.cpp">
      <Filter>Fichiers de ressources</Filter>
    </ClCompile>
    <ClCompile Include="cpp\isEngineWrapper.cpp">
      <Filter>Fichiers de ressources</Filter>
    </ClCompile>
    <ClCompile Include="cpp\main.cpp">
      <Filter>Fichiers de ressources</Filter>
    </ClCompile>
    <ClCompile Include="cpp\MainObject.cpp">
      <Filter>Fichiers de ressources</Filter>
    </ClCompile>
    <ClCompile Include="cpp\MenuController.cpp">
      <Filter>Fichiers de ressources</Filter>
    </ClCompile>
    <ClCompile Include="cpp\PauseOption.cpp">
      <Filter>Fichiers de ressources</Filter>
    </ClCompile>
    <ClCompile Include="cpp\Player.cpp">
      <Filter>Fichiers de ressources</Filter>
    </ClCompile>
    <ClCompile Include="cpp\SpecialObject.cpp">
      <Filter>Fichiers de ressources</Filter>
    </ClCompile>
    <ClCompile Include="cpp\TransitionEffect.cpp">
      <Filter>Fichiers de ressources</Filter>
    </ClCompile>
  </ItemGroup>
</Project>